
Microsoft Visual Studio Solution File, Format Version 12.00
# Visual Studio Version 16
VisualStudioVersion = 16.0.28729.10
MinimumVisualStudioVersion = 10.0.40219.1
Project("{9A19103F-16F7-4668-BE54-9A1E7A4F7556}") = "todo", "todo.csproj", "{E36EDA0C-B412-4F88-9325-7E549D9DED44}"
EndProject
Global
	GlobalSection(SolutionConfigurationPlatforms) = preSolution
		Debug|Any CPU = Debug|Any CPU
		Release|Any CPU = Release|Any CPU
	EndGlobalSection
	GlobalSection(ProjectConfigurationPlatforms) = postSolution
		{E36EDA0C-B412-4F88-9325-7E549D9DED44}.Debug|Any CPU.ActiveCfg = Debug|Any CPU
		{E36EDA0C-B412-4F88-9325-7E549D9DED44}.Debug|Any CPU.Build.0 = Debug|Any CPU
		{E36EDA0C-B412-4F88-9325-7E549D9DED44}.Release|Any CPU.ActiveCfg = Release|Any CPU
		{E36EDA0C-B412-4F88-9325-7E549D9DED44}.Release|Any CPU.Build.0 = Release|Any CPU
	EndGlobalSection
	GlobalSection(SolutionProperties) = preSolution
		HideSolutionNode = FALSE
	EndGlobalSection
	GlobalSection(ExtensibilityGlobals) = postSolution
		SolutionGuid = {85A65609-8573-4E5D-A9EB-C5326A80AAD3}
	EndGlobalSection
EndGlobal
